
Microsoft Visual Studio Solution File, Format Version 12.00
# Visual Studio Version 16
VisualStudioVersion = 16.0.32901.82
MinimumVisualStudioVersion = 10.0.40219.1
Project("{FAE04EC0-301F-11D3-BF4B-00C04F79EFBC}") = "BibliotecaNetCore", "BibliotecaNetCore\BibliotecaNetCore.csproj", "{9734A18F-4CF9-4651-8AD0-4B85528CB871}"
EndProject
Global
	GlobalSection(SolutionConfigurationPlatforms) = preSolution
		Debug|Any CPU = Debug|Any CPU
		Release|Any CPU = Release|Any CPU
	EndGlobalSection
	GlobalSection(ProjectConfigurationPlatforms) = postSolution
		{9734A18F-4CF9-4651-8AD0-4B85528CB871}.Debug|Any CPU.ActiveCfg = Debug|Any CPU
		{9734A18F-4CF9-4651-8AD0-4B85528CB871}.Debug|Any CPU.Build.0 = Debug|Any CPU
		{9734A18F-4CF9-4651-8AD0-4B85528CB871}.Release|Any CPU.ActiveCfg = Release|Any CPU
		{9734A18F-4CF9-4651-8AD0-4B85528CB871}.Release|Any CPU.Build.0 = Release|Any CPU
	EndGlobalSection
	GlobalSection(SolutionProperties) = preSolution
		HideSolutionNode = FALSE
	EndGlobalSection
	GlobalSection(ExtensibilityGlobals) = postSolution
		SolutionGuid = {59417F62-0760-44C4-A7A1-A1A87065ADED}
	EndGlobalSection
EndGlobal
